Microsoft Visual Studio Solution File, Format Version 12.00
# Visual Studio Version 17
VisualStudioVersion = 17.5.2.0
MinimumVisualStudioVersion = 10.0.40219.1
Project("{FAE04EC0-301F-11D3-BF4B-00C04F79EFBC}") = "BankSystemSql", "BankSystemSql.csproj", "{13B15927-703F-8612-CB20-F0A9F8A5127B}"
EndProject
Global
	GlobalSection(SolutionConfigurationPlatforms) = preSolution
		Debug|Any CPU = Debug|Any CPU
		Release|Any CPU = Release|Any CPU
	EndGlobalSection
	GlobalSection(ProjectConfigurationPlatforms) = postSolution
		{13B15927-703F-8612-CB20-F0A9F8A5127B}.Debug|Any CPU.ActiveCfg = Debug|Any CPU
		{13B15927-703F-8612-CB20-F0A9F8A5127B}.Debug|Any CPU.Build.0 = Debug|Any CPU
		{13B15927-703F-8612-CB20-F0A9F8A5127B}.Release|Any CPU.ActiveCfg = Release|Any CPU
		{13B15927-703F-8612-CB20-F0A9F8A5127B}.Release|Any CPU.Build.0 = Release|Any CPU
	EndGlobalSection
	GlobalSection(SolutionProperties) = preSolution
		HideSolutionNode = FALSE
	EndGlobalSection
	GlobalSection(ExtensibilityGlobals) = postSolution
		SolutionGuid = {0CF15700-C7F7-4A33-A0E2-EDF1452B0755}
	EndGlobalSection
EndGlobal
